lockfileVersion: '9.0'

settings:
  autoInstallPeers: true
  excludeLinksFromLockfile: false

importers:

  .:
    dependencies:
      hamburger-react:
        specifier: ^2.5.2
        version: 2.5.2(react@19.1.0)

packages:

  hamburger-react@2.5.2:
    resolution: {integrity: sha512-xsv/I7wQX1RDaulDnvMVCXMMRXnkwnUnkE8seD5eNVZJ4nIrjtK5LLA20l5x/pJ+mPWOzlFxW32VJ86Gbo2Njw==}
    peerDependencies:
      react: ^16.8 || ^17 || ^18 || ^19

  react@19.1.0:
    resolution: {integrity: sha512-FS+XFBNvn3GTAWq26joslQgWNoFu08F4kl0J4CgdNKADkdSGXQyTCnKteIAJy96Br6YbpEU1LSzV5dYtjMkMDg==}
    engines: {node: '>=0.10.0'}

snapshots:

  hamburger-react@2.5.2(react@19.1.0):
    dependencies:
      react: 19.1.0

  react@19.1.0: {}
